[[package]]
name = "aiohttp"
version = "3.6.2"
description = "Async http client/server framework (asyncio)"
category = "main"
optional = false
python-versions = ">=3.5.3"

[package.dependencies]
async-timeout = ">=3.0,<4.0"
attrs = ">=17.3.0"
chardet = ">=2.0,<4.0"
multidict = ">=4.5,<5.0"
yarl = ">=1.0,<2.0"

[package.extras]
speedups = ["aiodns", "brotlipy", "cchardet"]

[[package]]
name = "async-timeout"
version = "3.0.1"
description = "Timeout context manager for asyncio programs"
category = "main"
optional = false
python-versions = ">=3.5.3"

[[package]]
name = "attrs"
version = "19.3.0"
description = "Classes Without Boilerplate"
category = "main"
optional = false
python-versions = ">=2.7, !=3.0.*, !=3.1.*, !=3.2.*, !=3.3.*"

[package.extras]
azure-pipelines = ["coverage", "hypothesis", "pympler", "pytest (>=4.3.0)", "six", "zope.interface", "pytest-azurepipelines"]
dev = ["coverage", "hypothesis", "pympler", "pytest (>=4.3.0)", "six", "zope.interface", "sphinx", "pre-commit"]
docs = ["sphinx", "zope.interface"]
tests = ["coverage", "hypothesis", "pympler", "pytest (>=4.3.0)", "six", "zope.interface"]

[[package]]
name = "certifi"
version = "2021.10.8"
description = "Python package for providing Mozilla's CA Bundle."
category = "main"
optional = false
python-versions = "*"

[[package]]
name = "chardet"
version = "3.0.4"
description = "Universal encoding detector for Python 2 and 3"
category = "main"
optional = false
python-versions = "*"

[[package]]
name = "charset-normalizer"
version = "2.0.12"
description = "The Real First Universal Charset Detector. Open, modern and actively maintained alternative to Chardet."
category = "main"
optional = false
python-versions = ">=3.5.0"

[package.extras]
unicode_backport = ["unicodedata2"]

[[package]]
name = "click"
version = "8.0.4"
description = "Composable command line interface toolkit"
category = "main"
optional = false
python-versions = ">=3.6"

[package.dependencies]
colorama = {version = "*", markers = "platform_system == \"Windows\""}

[[package]]
name = "colorama"
version = "0.4.4"
description = "Cross-platform colored terminal text."
category = "main"
optional = false
python-versions = ">=2.7, !=3.0.*, !=3.1.*, !=3.2.*, !=3.3.*, !=3.4.*"

[[package]]
name = "discord-easy-commands"
version = "0.1.1"
description = "Custom Code"
category = "main"
optional = false
python-versions = "*"

[package.dependencies]
"discord.py" = "*"
Flask = "*"

[[package]]
name = "discord-musicbot"
version = "0.0.3.dev20170604"
description = "MusicBot bot for Discord."
category = "main"
optional = false
python-versions = ">=3.6"

[package.dependencies]
aiohttp = ">=2.1.0"
selenium = "3.4.3"
spotipy = ">=2.4.4"

[package.extras]
docs = ["Sphinx (>=1.6.0)", "sphinxcontrib-trio"]
fast = ["aiodns", "cchardet"]
qa = ["flake8", "isort", "pycodestyle", "pydocstyle", "rstcheck"]

[[package]]
name = "discord.py"
version = "1.7.3"
description = "A Python wrapper for the Discord API"
category = "main"
optional = false
python-versions = ">=3.5.3"

[package.dependencies]
aiohttp = ">=3.6.0,<3.8.0"

[package.extras]
docs = ["sphinx (==3.0.3)", "sphinxcontrib-trio (==1.1.2)", "sphinxcontrib-websupport"]
voice = ["PyNaCl (>=1.3.0,<1.5)"]

[[package]]
name = "flask"
version = "2.0.3"
description = "A simple framework for building complex web applications."
category = "main"
optional = false
python-versions = ">=3.6"

[package.dependencies]
click = ">=7.1.2"
itsdangerous = ">=2.0"
Jinja2 = ">=3.0"
Werkzeug = ">=2.0"

[package.extras]
async = ["asgiref (>=3.2)"]
dotenv = ["python-dotenv"]

[[package]]
name = "idna"
version = "2.10"
description = "Internationalized Domain Names in Applications (IDNA)"
category = "main"
optional = false
python-versions = ">=2.7, !=3.0.*, !=3.1.*, !=3.2.*, !=3.3.*"

[[package]]
name = "itsdangerous"
version = "2.1.1"
description = "Safely pass data to untrusted environments and back."
category = "main"
optional = false
python-versions = ">=3.7"

[[package]]
name = "jinja2"
version = "3.0.3"
description = "A very fast and expressive template engine."
category = "main"
optional = false
python-versions = ">=3.6"

[package.dependencies]
MarkupSafe = ">=2.0"

[package.extras]
i18n = ["Babel (>=2.7)"]

[[package]]
name = "markupsafe"
version = "2.1.1"
description = "Safely add untrusted strings to HTML/XML markup."
category = "main"
optional = false
python-versions = ">=3.7"

[[package]]
name = "multidict"
version = "4.7.6"
description = "multidict implementation"
category = "main"
optional = false
python-versions = ">=3.5"

[[package]]
name = "prefect-discord"
version = "0.0.6"
description = "A simple package to send Prefect flows and tasks notifications to a Discord channel"
category = "main"
optional = false
python-versions = ">=3.6"

[[package]]
name = "requests"
version = "2.27.1"
description = "Python HTTP for Humans."
category = "main"
optional = false
python-versions = ">=2.7, !=3.0.*, !=3.1.*, !=3.2.*, !=3.3.*, !=3.4.*, !=3.5.*"

[package.dependencies]
certifi = ">=2017.4.17"
charset-normalizer = {version = ">=2.0.0,<2.1.0", markers = "python_version >= \"3\""}
idna = {version = ">=2.5,<4", markers = "python_version >= \"3\""}
urllib3 = ">=1.21.1,<1.27"

[package.extras]
socks = ["PySocks (>=1.5.6,!=1.5.7)", "win-inet-pton"]
use_chardet_on_py3 = ["chardet (>=3.0.2,<5)"]

[[package]]
name = "selenium"
version = "3.4.3"
description = "Python bindings for Selenium"
category = "main"
optional = false
python-versions = "*"

[[package]]
name = "six"
version = "1.16.0"
description = "Python 2 and 3 compatibility utilities"
category = "main"
optional = false
python-versions = ">=2.7, !=3.0.*, !=3.1.*, !=3.2.*"

[[package]]
name = "spotipy"
version = "2.19.0"
description = "A light weight Python library for the Spotify Web API"
category = "main"
optional = false
python-versions = "*"

[package.dependencies]
requests = ">=2.25.0"
six = ">=1.15.0"
urllib3 = ">=1.26.0"

[package.extras]
doc = ["Sphinx (>=1.5.2)"]
test = ["mock (==2.0.0)"]

[[package]]
name = "urllib3"
version = "1.26.9"
description = "HTTP library with thread-safe connection pooling, file post, and more."
category = "main"
optional = false
python-versions = ">=2.7, !=3.0.*, !=3.1.*, !=3.2.*, !=3.3.*, !=3.4.*, <4"

[package.extras]
brotli = ["brotlicffi (>=0.8.0)", "brotli (>=1.0.9)", "brotlipy (>=0.6.0)"]
secure = ["pyOpenSSL (>=0.14)", "cryptography (>=1.3.4)", "idna (>=2.0.0)", "certifi", "ipaddress"]
socks = ["PySocks (>=1.5.6,!=1.5.7,<2.0)"]

[[package]]
name = "werkzeug"
version = "2.0.3"
description = "The comprehensive WSGI web application library."
category = "main"
optional = false
python-versions = ">=3.6"

[package.extras]
watchdog = ["watchdog"]

[[package]]
name = "yarl"
version = "1.5.1"
description = "Yet another URL library"
category = "main"
optional = false
python-versions = ">=3.5"

[package.dependencies]
idna = ">=2.0"
multidict = ">=4.0"

[metadata]
lock-version = "1.1"
python-versions = "^3.8"
content-hash = "7e502bcb1d47889c8d75aa3a89f8c2a896de49338bdde79cf9944a7a2e74b942"

[metadata.files]
aiohttp = [
    {file = "aiohttp-3.6.2-cp35-cp35m-macosx_10_13_x86_64.whl", hash = "sha256:1e984191d1ec186881ffaed4581092ba04f7c61582a177b187d3a2f07ed9719e"},
    {file = "aiohttp-3.6.2-cp35-cp35m-manylinux1_x86_64.whl", hash = "sha256:50aaad128e6ac62e7bf7bd1f0c0a24bc968a0c0590a726d5a955af193544bcec"},
    {file = "aiohttp-3.6.2-cp36-cp36m-macosx_10_13_x86_64.whl", hash = "sha256:65f31b622af739a802ca6fd1a3076fd0ae523f8485c52924a89561ba10c49b48"},
    {file = "aiohttp-3.6.2-cp36-cp36m-manylinux1_x86_64.whl", hash = "sha256:ae55bac364c405caa23a4f2d6cfecc6a0daada500274ffca4a9230e7129eac59"},
    {file = "aiohttp-3.6.2-cp36-cp36m-win32.whl", hash = "sha256:344c780466b73095a72c616fac5ea9c4665add7fc129f285fbdbca3cccf4612a"},
    {file = "aiohttp-3.6.2-cp36-cp36m-win_amd64.whl", hash = "sha256:4c6efd824d44ae697814a2a85604d8e992b875462c6655da161ff18fd4f29f17"},
    {file = "aiohttp-3.6.2-cp37-cp37m-macosx_10_13_x86_64.whl", hash = "sha256:2f4d1a4fdce595c947162333353d4a44952a724fba9ca3205a3df99a33d1307a"},
    {file = "aiohttp-3.6.2-cp37-cp37m-manylinux1_x86_64.whl", hash = "sha256:6206a135d072f88da3e71cc501c59d5abffa9d0bb43269a6dcd28d66bfafdbdd"},
    {file = "aiohttp-3.6.2-cp37-cp37m-win32.whl", hash = "sha256:b778ce0c909a2653741cb4b1ac7015b5c130ab9c897611df43ae6a58523cb965"},
    {file = "aiohttp-3.6.2-cp37-cp37m-win_amd64.whl", hash = "sha256:32e5f3b7e511aa850829fbe5aa32eb455e5534eaa4b1ce93231d00e2f76e5654"},
    {file = "aiohttp-3.6.2-py3-none-any.whl", hash = "sha256:460bd4237d2dbecc3b5ed57e122992f60188afe46e7319116da5eb8a9dfedba4"},
    {file = "aiohttp-3.6.2.tar.gz", hash = "sha256:259ab809ff0727d0e834ac5e8a283dc5e3e0ecc30c4d80b3cd17a4139ce1f326"},
]
async-timeout = [
    {file = "async-timeout-3.0.1.tar.gz", hash = "sha256:0c3c816a028d47f659d6ff5c745cb2acf1f966da1fe5c19c77a70282b25f4c5f"},
    {file = "async_timeout-3.0.1-py3-none-any.whl", hash = "sha256:4291ca197d287d274d0b6cb5d6f8f8f82d434ed288f962539ff18cc9012f9ea3"},
]
attrs = [
    {file = "attrs-19.3.0-py2.py3-none-any.whl", hash = "sha256:08a96c641c3a74e44eb59afb61a24f2cb9f4d7188748e76ba4bb5edfa3cb7d1c"},
    {file = "attrs-19.3.0.tar.gz", hash = "sha256:f7b7ce16570fe9965acd6d30101a28f62fb4a7f9e926b3bbc9b61f8b04247e72"},
]
certifi = [
    {file = "certifi-2021.10.8-py2.py3-none-any.whl", hash = "sha256:d62a0163eb4c2344ac042ab2bdf75399a71a2d8c7d47eac2e2ee91b9d6339569"},
    {file = "certifi-2021.10.8.tar.gz", hash = "sha256:78884e7c1d4b00ce3cea67b44566851c4343c120abd683433ce934a68ea58872"},
]
chardet = [
    {file = "chardet-3.0.4-py2.py3-none-any.whl", hash = "sha256:fc323ffcaeaed0e0a02bf4d117757b98aed530d9ed4531e3e15460124c106691"},
    {file = "chardet-3.0.4.tar.gz", hash = "sha256:84ab92ed1c4d4f16916e05906b6b75a6c0fb5db821cc65e70cbd64a3e2a5eaae"},
]
charset-normalizer = [
    {file = "charset-normalizer-2.0.12.tar.gz", hash = "sha256:2857e29ff0d34db842cd7ca3230549d1a697f96ee6d3fb071cfa6c7393832597"},
    {file = "charset_normalizer-2.0.12-py3-none-any.whl", hash = "sha256:6881edbebdb17b39b4eaaa821b438bf6eddffb4468cf344f09f89def34a8b1df"},
]
click = [
    {file = "click-8.0.4-py3-none-any.whl", hash = "sha256:6a7a62563bbfabfda3a38f3023a1db4a35978c0abd76f6c9605ecd6554d6d9b1"},
    {file = "click-8.0.4.tar.gz", hash = "sha256:8458d7b1287c5fb128c90e23381cf99dcde74beaf6c7ff6384ce84d6fe090adb"},
]
colorama = [
    {file = "colorama-0.4.4-py2.py3-none-any.whl", hash = "sha256:9f47eda37229f68eee03b24b9748937c7dc3868f906e8ba69fbcbdd3bc5dc3e2"},
    {file = "colorama-0.4.4.tar.gz", hash = "sha256:5941b2b48a20143d2267e95b1c2a7603ce057ee39fd88e7329b0c292aa16869b"},
]
discord-easy-commands = [
    {file = "discord_easy_commands-0.1.1-py3-none-any.whl", hash = "sha256:b1d8c0a4f9fd4e1b6ade86e0f39f636340cb76cf90c7b35cbfd48b6aff04fda4"},
]
discord-musicbot = [
    {file = "discord-musicbot-0.0.3.dev20170604.tar.gz", hash = "sha256:c123f30f979193f65364ed181db2756c08bb6f0c49ce0cb2ef80689859a2aab7"},
    {file = "discord_musicbot-0.0.3.dev20170604-py3-none-any.whl", hash = "sha256:4c8df36b9dd445da6aa18bf2617a68500773518f7da068f67a4036aade6e1765"},
]
"discord.py" = [
    {file = "discord.py-1.7.3-py3-none-any.whl", hash = "sha256:c6f64db136de0e18e090f6752ea68bdd4ab0a61b82dfe7acecefa22d6477bb0c"},
    {file = "discord.py-1.7.3.tar.gz", hash = "sha256:462cd0fe307aef8b29cbfa8dd613e548ae4b2cb581d46da9ac0d46fb6ea19408"},
]
flask = [
    {file = "Flask-2.0.3-py3-none-any.whl", hash = "sha256:59da8a3170004800a2837844bfa84d49b022550616070f7cb1a659682b2e7c9f"},
    {file = "Flask-2.0.3.tar.gz", hash = "sha256:e1120c228ca2f553b470df4a5fa927ab66258467526069981b3eb0a91902687d"},
]
idna = [
    {file = "idna-2.10-py2.py3-none-any.whl", hash = "sha256:b97d804b1e9b523befed77c48dacec60e6dcb0b5391d57af6a65a312a90648c0"},
    {file = "idna-2.10.tar.gz", hash = "sha256:b307872f855b18632ce0c21c5e45be78c0ea7ae4c15c828c20788b26921eb3f6"},
]
itsdangerous = [
    {file = "itsdangerous-2.1.1-py3-none-any.whl", hash = "sha256:935642cd4b987cdbee7210080004033af76306757ff8b4c0a506a4b6e06f02cf"},
    {file = "itsdangerous-2.1.1.tar.gz", hash = "sha256:7b7d3023cd35d9cb0c1fd91392f8c95c6fa02c59bf8ad64b8849be3401b95afb"},
]
jinja2 = [
    {file = "Jinja2-3.0.3-py3-none-any.whl", hash = "sha256:077ce6014f7b40d03b47d1f1ca4b0fc8328a692bd284016f806ed0eaca390ad8"},
    {file = "Jinja2-3.0.3.tar.gz", hash = "sha256:611bb273cd68f3b993fabdc4064fc858c5b47a973cb5aa7999ec1ba405c87cd7"},
]
markupsafe = [
    {file = "MarkupSafe-2.1.1-cp310-cp310-macosx_10_9_universal2.whl", hash = "sha256:86b1f75c4e7c2ac2ccdaec2b9022845dbb81880ca318bb7a0a01fbf7813e3812"},
    {file = "MarkupSafe-2.1.1-cp310-cp310-macosx_10_9_x86_64.whl", hash = "sha256:f121a1420d4e173a5d96e47e9a0c0dcff965afdf1626d28de1460815f7c4ee7a"},
    {file = "MarkupSafe-2.1.1-cp310-cp310-manylinux_2_17_aarch64.manylinux2014_aarch64.whl", hash = "sha256:a49907dd8420c5685cfa064a1335b6754b74541bbb3706c259c02ed65b644b3e"},
    {file = "MarkupSafe-2.1.1-cp310-cp310-manylinux_2_17_x86_64.manylinux2014_x86_64.whl", hash = "sha256:10c1bfff05d95783da83491be968e8fe789263689c02724e0c691933c52994f5"},
    {file = "MarkupSafe-2.1.1-cp310-cp310-manylinux_2_5_i686.manylinux1_i686.manylinux_2_17_i686.manylinux2014_i686.whl", hash = "sha256:b7bd98b796e2b6553da7225aeb61f447f80a1ca64f41d83612e6139ca5213aa4"},
    {file = "MarkupSafe-2.1.1-cp310-cp310-musllinux_1_1_aarch64.whl", hash = "sha256:b09bf97215625a311f669476f44b8b318b075847b49316d3e28c08e41a7a573f"},
    {file = "MarkupSafe-2.1.1-cp310-cp310-musllinux_1_1_i686.whl", hash = "sha256:694deca8d702d5db21ec83983ce0bb4b26a578e71fbdbd4fdcd387daa90e4d5e"},
    {file = "MarkupSafe-2.1.1-cp310-cp310-musllinux_1_1_x86_64.whl", hash = "sha256:efc1913fd2ca4f334418481c7e595c00aad186563bbc1ec76067848c7ca0a933"},
    {file = "MarkupSafe-2.1.1-cp310-cp310-win32.whl", hash = "sha256:4a33dea2b688b3190ee12bd7cfa29d39c9ed176bda40bfa11099a3ce5d3a7ac6"},
    {file = "MarkupSafe-2.1.1-cp310-cp310-win_amd64.whl", hash = "sha256:dda30ba7e87fbbb7eab1ec9f58678558fd9a6b8b853530e176eabd064da81417"},
    {file = "MarkupSafe-2.1.1-cp37-cp37m-macosx_10_9_x86_64.whl", hash = "sha256:671cd1187ed5e62818414afe79ed29da836dde67166a9fac6d435873c44fdd02"},
    {file = "MarkupSafe-2.1.1-cp37-cp37m-manylinux_2_17_aarch64.manylinux2014_aarch64.whl", hash = "sha256:3799351e2336dc91ea70b034983ee71cf2f9533cdff7c14c90ea126bfd95d65a"},
    {file = "MarkupSafe-2.1.1-cp37-cp37m-manylinux_2_17_x86_64.manylinux2014_x86_64.whl", hash = "sha256:e72591e9ecd94d7feb70c1cbd7be7b3ebea3f548870aa91e2732960fa4d57a37"},
    {file = "MarkupSafe-2.1.1-cp37-cp37m-manylinux_2_5_i686.manylinux1_i686.manylinux_2_17_i686.manylinux2014_i686.whl", hash = "sha256:6fbf47b5d3728c6aea2abb0589b5d30459e369baa772e0f37a0320185e87c980"},
    {file = "MarkupSafe-2.1.1-cp37-cp37m-musllinux_1_1_aarch64.whl", hash = "sha256:d5ee4f386140395a2c818d149221149c54849dfcfcb9f1debfe07a8b8bd63f9a"},
    {file = "MarkupSafe-2.1.1-cp37-cp37m-musllinux_1_1_i686.whl", hash = "sha256:bcb3ed405ed3222f9904899563d6fc492ff75cce56cba05e32eff40e6acbeaa3"},
    {file = "MarkupSafe-2.1.1-cp37-cp37m-musllinux_1_1_x86_64.whl", hash = "sha256:e1c0b87e09fa55a220f058d1d49d3fb8df88fbfab58558f1198e08c1e1de842a"},
    {file = "MarkupSafe-2.1.1-cp37-cp37m-win32.whl", hash = "sha256:8dc1c72a69aa7e082593c4a203dcf94ddb74bb5c8a731e4e1eb68d031e8498ff"},
    {file = "MarkupSafe-2.1.1-cp37-cp37m-win_amd64.whl", hash = "sha256:97a68e6ada378df82bc9f16b800ab77cbf4b2fada0081794318520138c088e4a"},
    {file = "MarkupSafe-2.1.1-cp38-cp38-macosx_10_9_universal2.whl", hash = "sha256:e8c843bbcda3a2f1e3c2ab25913c80a3c5376cd00c6e8c4a86a89a28c8dc5452"},
    {file = "MarkupSafe-2.1.1-cp38-cp38-macosx_10_9_x86_64.whl", hash = "sha256:0212a68688482dc52b2d45013df70d169f542b7394fc744c02a57374a4207003"},
    {file = "MarkupSafe-2.1.1-cp38-cp38-manylinux_2_17_aarch64.manylinux2014_aarch64.whl", hash = "sha256:8e576a51ad59e4bfaac456023a78f6b5e6e7651dcd383bcc3e18d06f9b55d6d1"},
    {file = "MarkupSafe-2.1.1-cp38-cp38-manylinux_2_17_x86_64.manylinux2014_x86_64.whl", hash = "sha256:4b9fe39a2ccc108a4accc2676e77da025ce383c108593d65cc909add5c3bd601"},
    {file = "MarkupSafe-2.1.1-cp38-cp38-manylinux_2_5_i686.manylinux1_i686.manylinux_2_17_i686.manylinux2014_i686.whl", hash = "sha256:96e37a3dc86e80bf81758c152fe66dbf60ed5eca3d26305edf01892257049925"},
    {file = "MarkupSafe-2.1.1-cp38-cp38-musllinux_1_1_aarch64.whl", hash = "sha256:6d0072fea50feec76a4c418096652f2c3238eaa014b2f94aeb1d56a66b41403f"},
    {file = "MarkupSafe-2.1.1-cp38-cp38-musllinux_1_1_i686.whl", hash = "sha256:089cf3dbf0cd6c100f02945abeb18484bd1ee57a079aefd52cffd17fba910b88"},
    {file = "MarkupSafe-2.1.1-cp38-cp38-musllinux_1_1_x86_64.whl", hash = "sha256:6a074d34ee7a5ce3effbc526b7083ec9731bb3cbf921bbe1d3005d4d2bdb3a63"},
    {file = "MarkupSafe-2.1.1-cp38-cp38-win32.whl", hash = "sha256:421be9fbf0ffe9ffd7a378aafebbf6f4602d564d34be190fc19a193232fd12b1"},
    {file = "MarkupSafe-2.1.1-cp38-cp38-win_amd64.whl", hash = "sha256:fc7b548b17d238737688817ab67deebb30e8073c95749d55538ed473130ec0c7"},
    {file = "MarkupSafe-2.1.1-cp39-cp39-macosx_10_9_universal2.whl", hash = "sha256:e04e26803c9c3851c931eac40c695602c6295b8d432cbe78609649ad9bd2da8a"},
    {file = "MarkupSafe-2.1.1-cp39-cp39-macosx_10_9_x86_64.whl", hash = "sha256:b87db4360013327109564f0e591bd2a3b318547bcef31b468a92ee504d07ae4f"},
    {file = "MarkupSafe-2.1.1-cp39-cp39-manylinux_2_17_aarch64.manylinux2014_aarch64.whl", hash = "sha256:99a2a507ed3ac881b975a2976d59f38c19386d128e7a9a18b7df6fff1fd4c1d6"},
    {file = "MarkupSafe-2.1.1-cp39-cp39-manylinux_2_17_x86_64.manylinux2014_x86_64.whl", hash = "sha256:56442863ed2b06d19c37f94d999035e15ee982988920e12a5b4ba29b62ad1f77"},
    {file = "MarkupSafe-2.1.1-cp39-cp39-manylinux_2_5_i686.manylinux1_i686.manylinux_2_17_i686.manylinux2014_i686.whl", hash = "sha256:3ce11ee3f23f79dbd06fb3d63e2f6af7b12db1d46932fe7bd8afa259a5996603"},
    {file = "MarkupSafe-2.1.1-cp39-cp39-musllinux_1_1_aarch64.whl", hash = "sha256:33b74d289bd2f5e527beadcaa3f401e0df0a89927c1559c8566c066fa4248ab7"},
    {file = "MarkupSafe-2.1.1-cp39-cp39-musllinux_1_1_i686.whl", hash = "sha256:43093fb83d8343aac0b1baa75516da6092f58f41200907ef92448ecab8825135"},
    {file = "MarkupSafe-2.1.1-cp39-cp39-musllinux_1_1_x86_64.whl", hash = "sha256:8e3dcf21f367459434c18e71b2a9532d96547aef8a871872a5bd69a715c15f96"},
    {file = "MarkupSafe-2.1.1-cp39-cp39-win32.whl", hash = "sha256:d4306c36ca495956b6d568d276ac11fdd9c30a36f1b6eb928070dc5360b22e1c"},
    {file = "MarkupSafe-2.1.1-cp39-cp39-win_amd64.whl", hash = "sha256:46d00d6cfecdde84d40e572d63735ef81423ad31184100411e6e3388d405e247"},
    {file = "MarkupSafe-2.1.1.tar.gz", hash = "sha256:7f91197cc9e48f989d12e4e6fbc46495c446636dfc81b9ccf50bb0ec74b91d4b"},
]
multidict = [
    {file = "multidict-4.7.6-cp35-cp35m-macosx_10_14_x86_64.whl", hash = "sha256:275ca32383bc5d1894b6975bb4ca6a7ff16ab76fa622967625baeebcf8079000"},
    {file = "multidict-4.7.6-cp35-cp35m-manylinux1_x86_64.whl", hash = "sha256:1ece5a3369835c20ed57adadc663400b5525904e53bae59ec854a5d36b39b21a"},
    {file = "multidict-4.7.6-cp35-cp35m-win32.whl", hash = "sha256:5141c13374e6b25fe6bf092052ab55c0c03d21bd66c94a0e3ae371d3e4d865a5"},
    {file = "multidict-4.7.6-cp35-cp35m-win_amd64.whl", hash = "sha256:9456e90649005ad40558f4cf51dbb842e32807df75146c6d940b6f5abb4a78f3"},
    {file = "multidict-4.7.6-cp36-cp36m-macosx_10_14_x86_64.whl", hash = "sha256:e0d072ae0f2a179c375f67e3da300b47e1a83293c554450b29c900e50afaae87"},
    {file = "multidict-4.7.6-cp36-cp36m-manylinux1_x86_64.whl", hash = "sha256:3750f2205b800aac4bb03b5ae48025a64e474d2c6cc79547988ba1d4122a09e2"},
    {file = "multidict-4.7.6-cp36-cp36m-win32.whl", hash = "sha256:f07acae137b71af3bb548bd8da720956a3bc9f9a0b87733e0899226a2317aeb7"},
    {file = "multidict-4.7.6-cp36-cp36m-win_amd64.whl", hash = "sha256:6513728873f4326999429a8b00fc7ceddb2509b01d5fd3f3be7881a257b8d463"},
    {file = "multidict-4.7.6-cp37-cp37m-macosx_10_14_x86_64.whl", hash = "sha256:feed85993dbdb1dbc29102f50bca65bdc68f2c0c8d352468c25b54874f23c39d"},
    {file = "multidict-4.7.6-cp37-cp37m-manylinux1_x86_64.whl", hash = "sha256:fcfbb44c59af3f8ea984de67ec7c306f618a3ec771c2843804069917a8f2e255"},
    {file = "multidict-4.7.6-cp37-cp37m-win32.whl", hash = "sha256:4538273208e7294b2659b1602490f4ed3ab1c8cf9dbdd817e0e9db8e64be2507"},
    {file = "multidict-4.7.6-cp37-cp37m-win_amd64.whl", hash = "sha256:d14842362ed4cf63751648e7672f7174c9818459d169231d03c56e84daf90b7c"},
    {file = "multidict-4.7.6-cp38-cp38-macosx_10_14_x86_64.whl", hash = "sha256:c026fe9a05130e44157b98fea3ab12969e5b60691a276150db9eda71710cd10b"},
    {file = "multidict-4.7.6-cp38-cp38-manylinux1_x86_64.whl", hash = "sha256:51a4d210404ac61d32dada00a50ea7ba412e6ea945bbe992e4d7a595276d2ec7"},
    {file = "multidict-4.7.6-cp38-cp38-win32.whl", hash = "sha256:5cf311a0f5ef80fe73e4f4c0f0998ec08f954a6ec72b746f3c179e37de1d210d"},
    {file = "multidict-4.7.6-cp38-cp38-win_amd64.whl", hash = "sha256:7388d2ef3c55a8ba80da62ecfafa06a1c097c18032a501ffd4cabbc52d7f2b19"},
    {file = "multidict-4.7.6.tar.gz", hash = "sha256:fbb77a75e529021e7c4a8d4e823d88ef4d23674a202be4f5addffc72cbb91430"},
]
prefect-discord = [
    {file = "prefect-discord-0.0.6.tar.gz", hash = "sha256:6d997c4a16e6d116e1b34cdf35a0efc0c96059251c3959ae73e49256d8a98656"},
    {file = "prefect_discord-0.0.6-py3-none-any.whl", hash = "sha256:e3c77deae239a88ac1e63970774bb589d05fc8ed1bb36b76874157d4dca4f8d1"},
]
requests = [
    {file = "requests-2.27.1-py2.py3-none-any.whl", hash = "sha256:f22fa1e554c9ddfd16e6e41ac79759e17be9e492b3587efa038054674760e72d"},
    {file = "requests-2.27.1.tar.gz", hash = "sha256:68d7c56fd5a8999887728ef304a6d12edc7be74f1cfa47714fc8b414525c9a61"},
]
selenium = [
    {file = "selenium-3.4.3-py2.py3-none-any.whl", hash = "sha256:9e4885e7c72e20126b22ce5fc5981bbedd80bff99474c0757f62d5e68e1f17ac"},
    {file = "selenium-3.4.3.tar.gz", hash = "sha256:0c09f437f4f6754c0543d79bae4e58b8fd40b3d7cd10889eca66dd1c7af24c63"},
]
six = [
    {file = "six-1.16.0-py2.py3-none-any.whl", hash = "sha256:8abb2f1d86890a2dfb989f9a77cfcfd3e47c2a354b01111771326f8aa26e0254"},
    {file = "six-1.16.0.tar.gz", hash = "sha256:1e61c37477a1626458e36f7b1d82aa5c9b094fa4802892072e49de9c60c4c926"},
]
spotipy = [
    {file = "spotipy-2.19.0-py2-none-any.whl", hash = "sha256:dd6de229351bb6cf4d9bc169c5e183288da795f5a8265968dd98e95c037f9e7a"},
    {file = "spotipy-2.19.0-py3-none-any.whl", hash = "sha256:766f9ef96d61851d7884c4553f2de2527c3af01df603985f6987543bb28e3ff5"},
    {file = "spotipy-2.19.0.tar.gz", hash = "sha256:904f6e813dba837758e9510c1bee51d7ca217f169246625a13e693733dc33543"},
]
urllib3 = [
    {file = "urllib3-1.26.9-py2.py3-none-any.whl", hash = "sha256:44ece4d53fb1706f667c9bd1c648f5469a2ec925fcf3a776667042d645472c14"},
    {file = "urllib3-1.26.9.tar.gz", hash = "sha256:aabaf16477806a5e1dd19aa41f8c2b7950dd3c746362d7e3223dbe6de6ac448e"},
]
werkzeug = [
    {file = "Werkzeug-2.0.3-py3-none-any.whl", hash = "sha256:1421ebfc7648a39a5c58c601b154165d05cf47a3cd0ccb70857cbdacf6c8f2b8"},
    {file = "Werkzeug-2.0.3.tar.gz", hash = "sha256:b863f8ff057c522164b6067c9e28b041161b4be5ba4d0daceeaa50a163822d3c"},
]
yarl = [
    {file = "yarl-1.5.1-cp35-cp35m-macosx_10_14_x86_64.whl", hash = "sha256:db6db0f45d2c63ddb1a9d18d1b9b22f308e52c83638c26b422d520a815c4b3fb"},
    {file = "yarl-1.5.1-cp35-cp35m-manylinux1_x86_64.whl", hash = "sha256:17668ec6722b1b7a3a05cc0167659f6c95b436d25a36c2d52db0eca7d3f72593"},
    {file = "yarl-1.5.1-cp35-cp35m-win32.whl", hash = "sha256:040b237f58ff7d800e6e0fd89c8439b841f777dd99b4a9cca04d6935564b9409"},
    {file = "yarl-1.5.1-cp35-cp35m-win_amd64.whl", hash = "sha256:f18d68f2be6bf0e89f1521af2b1bb46e66ab0018faafa81d70f358153170a317"},
    {file = "yarl-1.5.1-cp36-cp36m-macosx_10_14_x86_64.whl", hash = "sha256:c52ce2883dc193824989a9b97a76ca86ecd1fa7955b14f87bf367a61b6232511"},
    {file = "yarl-1.5.1-cp36-cp36m-manylinux1_x86_64.whl", hash = "sha256:ce584af5de8830d8701b8979b18fcf450cef9a382b1a3c8ef189bedc408faf1e"},
    {file = "yarl-1.5.1-cp36-cp36m-win32.whl", hash = "sha256:df89642981b94e7db5596818499c4b2219028f2a528c9c37cc1de45bf2fd3a3f"},
    {file = "yarl-1.5.1-cp36-cp36m-win_amd64.whl", hash = "sha256:3a584b28086bc93c888a6c2aa5c92ed1ae20932f078c46509a66dce9ea5533f2"},
    {file = "yarl-1.5.1-cp37-cp37m-macosx_10_14_x86_64.whl", hash = "sha256:da456eeec17fa8aa4594d9a9f27c0b1060b6a75f2419fe0c00609587b2695f4a"},
    {file = "yarl-1.5.1-cp37-cp37m-manylinux1_x86_64.whl", hash = "sha256:bc2f976c0e918659f723401c4f834deb8a8e7798a71be4382e024bcc3f7e23a8"},
    {file = "yarl-1.5.1-cp37-cp37m-win32.whl", hash = "sha256:4439be27e4eee76c7632c2427ca5e73703151b22cae23e64adb243a9c2f565d8"},
    {file = "yarl-1.5.1-cp37-cp37m-win_amd64.whl", hash = "sha256:48e918b05850fffb070a496d2b5f97fc31d15d94ca33d3d08a4f86e26d4e7c5d"},
    {file = "yarl-1.5.1-cp38-cp38-macosx_10_14_x86_64.whl", hash = "sha256:9b930776c0ae0c691776f4d2891ebc5362af86f152dd0da463a6614074cb1b02"},
    {file = "yarl-1.5.1-cp38-cp38-manylinux1_x86_64.whl", hash = "sha256:b3b9ad80f8b68519cc3372a6ca85ae02cc5a8807723ac366b53c0f089db19e4a"},
    {file = "yarl-1.5.1-cp38-cp38-win32.whl", hash = "sha256:f379b7f83f23fe12823085cd6b906edc49df969eb99757f58ff382349a3303c6"},
    {file = "yarl-1.5.1-cp38-cp38-win_amd64.whl", hash = "sha256:9102b59e8337f9874638fcfc9ac3734a0cfadb100e47d55c20d0dc6087fb4692"},
    {file = "yarl-1.5.1.tar.gz", hash = "sha256:c22c75b5f394f3d47105045ea551e08a3e804dc7e01b37800ca35b58f856c3d6"},
]
